
Microsoft Visual Studio Solution File, Format Version 12.00
# Visual Studio Version 16
VisualStudioVersion = 16.0.35130.168
MinimumVisualStudioVersion = 10.0.40219.1
Project("{FAE04EC0-301F-11D3-BF4B-00C04F79EFBC}") = "banco", "banco\banco.csproj", "{933164ED-F4AD-4F2D-9E0F-ADD1A852307C}"
EndProject
Global
	GlobalSection(SolutionConfigurationPlatforms) = preSolution
		Debug|Any CPU = Debug|Any CPU
		Release|Any CPU = Release|Any CPU
	EndGlobalSection
	GlobalSection(ProjectConfigurationPlatforms) = postSolution
		{933164ED-F4AD-4F2D-9E0F-ADD1A852307C}.Debug|Any CPU.ActiveCfg = Debug|Any CPU
		{933164ED-F4AD-4F2D-9E0F-ADD1A852307C}.Debug|Any CPU.Build.0 = Debug|Any CPU
		{933164ED-F4AD-4F2D-9E0F-ADD1A852307C}.Release|Any CPU.ActiveCfg = Release|Any CPU
		{933164ED-F4AD-4F2D-9E0F-ADD1A852307C}.Release|Any CPU.Build.0 = Release|Any CPU
	EndGlobalSection
	GlobalSection(SolutionProperties) = preSolution
		HideSolutionNode = FALSE
	EndGlobalSection
	GlobalSection(ExtensibilityGlobals) = postSolution
		SolutionGuid = {26273AC5-7A27-4639-96DF-B2FEC1E7E193}
	EndGlobalSection
EndGlobal
