
Microsoft Visual Studio Solution File, Format Version 12.00
# Visual Studio Version 16
VisualStudioVersion = 16.0.35130.168
MinimumVisualStudioVersion = 10.0.40219.1
Project("{FAE04EC0-301F-11D3-BF4B-00C04F79EFBC}") = "Figuras", "Figuras\Figuras.csproj", "{92289A38-FE84-4C8B-9DDB-F930A805A87B}"
EndProject
Global
	GlobalSection(SolutionConfigurationPlatforms) = preSolution
		Debug|Any CPU = Debug|Any CPU
		Release|Any CPU = Release|Any CPU
	EndGlobalSection
	GlobalSection(ProjectConfigurationPlatforms) = postSolution
		{92289A38-FE84-4C8B-9DDB-F930A805A87B}.Debug|Any CPU.ActiveCfg = Debug|Any CPU
		{92289A38-FE84-4C8B-9DDB-F930A805A87B}.Debug|Any CPU.Build.0 = Debug|Any CPU
		{92289A38-FE84-4C8B-9DDB-F930A805A87B}.Release|Any CPU.ActiveCfg = Release|Any CPU
		{92289A38-FE84-4C8B-9DDB-F930A805A87B}.Release|Any CPU.Build.0 = Release|Any CPU
	EndGlobalSection
	GlobalSection(SolutionProperties) = preSolution
		HideSolutionNode = FALSE
	EndGlobalSection
	GlobalSection(ExtensibilityGlobals) = postSolution
		SolutionGuid = {5610740F-EA3C-429C-9286-63AF67CA67C8}
	EndGlobalSection
EndGlobal
