
Microsoft Visual Studio Solution File, Format Version 12.00
# Visual Studio Version 16
VisualStudioVersion = 16.0.35130.168
MinimumVisualStudioVersion = 10.0.40219.1
Project("{FAE04EC0-301F-11D3-BF4B-00C04F79EFBC}") = "silla", "silla\silla.csproj", "{029A05C1-780E-45C5-90C0-5C0D2D3023BC}"
EndProject
Global
	GlobalSection(SolutionConfigurationPlatforms) = preSolution
		Debug|Any CPU = Debug|Any CPU
		Release|Any CPU = Release|Any CPU
	EndGlobalSection
	GlobalSection(ProjectConfigurationPlatforms) = postSolution
		{029A05C1-780E-45C5-90C0-5C0D2D3023BC}.Debug|Any CPU.ActiveCfg = Debug|Any CPU
		{029A05C1-780E-45C5-90C0-5C0D2D3023BC}.Debug|Any CPU.Build.0 = Debug|Any CPU
		{029A05C1-780E-45C5-90C0-5C0D2D3023BC}.Release|Any CPU.ActiveCfg = Release|Any CPU
		{029A05C1-780E-45C5-90C0-5C0D2D3023BC}.Release|Any CPU.Build.0 = Release|Any CPU
	EndGlobalSection
	GlobalSection(SolutionProperties) = preSolution
		HideSolutionNode = FALSE
	EndGlobalSection
	GlobalSection(ExtensibilityGlobals) = postSolution
		SolutionGuid = {55BAFFB0-CFD7-4E05-9230-053F937DD0FA}
	EndGlobalSection
EndGlobal
